
Microsoft Visual Studio Solution File, Format Version 12.00
# Visual Studio 15
VisualStudioVersion = 15.0.26430.13
MinimumVisualStudioVersion = 10.0.40219.1
Project("{FAE04EC0-301F-11D3-BF4B-00C04F79EFBC}") = "DeckTracker", "DeckTracker\DeckTracker.csproj", "{C4C3458C-CDC1-4118-8119-1A0FE3F5683C}"
	ProjectSection(ProjectDependencies) = postProject
		{AF029F43-81EA-4E43-8153-405FFF6A273F} = {AF029F43-81EA-4E43-8153-405FFF6A273F}
		{030FCE57-6E3A-4059-9744-F3EEE0D44FDB} = {030FCE57-6E3A-4059-9744-F3EEE0D44FDB}
	EndProjectSection
EndProject
Project("{8BC9CEB8-8B4A-11D0-8D11-00A0C91BC942}") = "DeckTracker.InGame.Helper", "DeckTracker.InGame.Helper\DeckTracker.InGame.Helper.vcxproj", "{AF029F43-81EA-4E43-8153-405FFF6A273F}"
EndProject
Project("{FAE04EC0-301F-11D3-BF4B-00C04F79EFBC}") = "DeckTracker.Common", "DeckTracker.Common\DeckTracker.Common.csproj", "{8854D93E-999F-4F17-A60E-8627BC9695E4}"
EndProject
Global
	GlobalSection(SolutionConfigurationPlatforms) = preSolution
		Debug|Any CPU = Debug|Any CPU
		Debug|x64 = Debug|x64
		Debug|x86 = Debug|x86
		Release|Any CPU = Release|Any CPU
		Release|x64 = Release|x64
		Release|x86 = Release|x86
	EndGlobalSection
	GlobalSection(ProjectConfigurationPlatforms) = postSolution
		{C4C3458C-CDC1-4118-8119-1A0FE3F5683C}.Debug|Any CPU.ActiveCfg = Debug|Any CPU
		{C4C3458C-CDC1-4118-8119-1A0FE3F5683C}.Debug|Any CPU.Build.0 = Debug|Any CPU
		{C4C3458C-CDC1-4118-8119-1A0FE3F5683C}.Debug|x64.ActiveCfg = Debug|Any CPU
		{C4C3458C-CDC1-4118-8119-1A0FE3F5683C}.Debug|x64.Build.0 = Debug|Any CPU
		{C4C3458C-CDC1-4118-8119-1A0FE3F5683C}.Debug|x86.ActiveCfg = Debug|Any CPU
		{C4C3458C-CDC1-4118-8119-1A0FE3F5683C}.Debug|x86.Build.0 = Debug|Any CPU
		{C4C3458C-CDC1-4118-8119-1A0FE3F5683C}.Release|Any CPU.ActiveCfg = Release|Any CPU
		{C4C3458C-CDC1-4118-8119-1A0FE3F5683C}.Release|Any CPU.Build.0 = Release|Any CPU
		{C4C3458C-CDC1-4118-8119-1A0FE3F5683C}.Release|x64.ActiveCfg = Release|Any CPU
		{C4C3458C-CDC1-4118-8119-1A0FE3F5683C}.Release|x64.Build.0 = Release|Any CPU
		{C4C3458C-CDC1-4118-8119-1A0FE3F5683C}.Release|x86.ActiveCfg = Release|Any CPU
		{C4C3458C-CDC1-4118-8119-1A0FE3F5683C}.Release|x86.Build.0 = Release|Any CPU
		{AF029F43-81EA-4E43-8153-405FFF6A273F}.Debug|Any CPU.ActiveCfg = Debug|Win32
		{AF029F43-81EA-4E43-8153-405FFF6A273F}.Debug|Any CPU.Build.0 = Debug|Win32
		{AF029F43-81EA-4E43-8153-405FFF6A273F}.Debug|x64.ActiveCfg = Debug|x64
		{AF029F43-81EA-4E43-8153-405FFF6A273F}.Debug|x64.Build.0 = Debug|x64
		{AF029F43-81EA-4E43-8153-405FFF6A273F}.Debug|x86.ActiveCfg = Debug|Win32
		{AF029F43-81EA-4E43-8153-405FFF6A273F}.Debug|x86.Build.0 = Debug|Win32
		{AF029F43-81EA-4E43-8153-405FFF6A273F}.Release|Any CPU.ActiveCfg = Release|Win32
		{AF029F43-81EA-4E43-8153-405FFF6A273F}.Release|Any CPU.Build.0 = Release|Win32
		{AF029F43-81EA-4E43-8153-405FFF6A273F}.Release|x64.ActiveCfg = Release|x64
		{AF029F43-81EA-4E43-8153-405FFF6A273F}.Release|x64.Build.0 = Release|x64
		{AF029F43-81EA-4E43-8153-405FFF6A273F}.Release|x86.ActiveCfg = Release|Win32
		{AF029F43-81EA-4E43-8153-405FFF6A273F}.Release|x86.Build.0 = Release|Win32
		{8854D93E-999F-4F17-A60E-8627BC9695E4}.Debug|Any CPU.ActiveCfg = Debug|Any CPU
		{8854D93E-999F-4F17-A60E-8627BC9695E4}.Debug|Any CPU.Build.0 = Debug|Any CPU
		{8854D93E-999F-4F17-A60E-8627BC9695E4}.Debug|x64.ActiveCfg = Debug|Any CPU
		{8854D93E-999F-4F17-A60E-8627BC9695E4}.Debug|x64.Build.0 = Debug|Any CPU
		{8854D93E-999F-4F17-A60E-8627BC9695E4}.Debug|x86.ActiveCfg = Debug|Any CPU
		{8854D93E-999F-4F17-A60E-8627BC9695E4}.Debug|x86.Build.0 = Debug|Any CPU
		{8854D93E-999F-4F17-A60E-8627BC9695E4}.Release|Any CPU.ActiveCfg = Release|Any CPU
		{8854D93E-999F-4F17-A60E-8627BC9695E4}.Release|Any CPU.Build.0 = Release|Any CPU
		{8854D93E-999F-4F17-A60E-8627BC9695E4}.Release|x64.ActiveCfg = Release|Any CPU
		{8854D93E-999F-4F17-A60E-8627BC9695E4}.Release|x64.Build.0 = Release|Any CPU
		{8854D93E-999F-4F17-A60E-8627BC9695E4}.Release|x86.ActiveCfg = Release|Any CPU
		{8854D93E-999F-4F17-A60E-8627BC9695E4}.Release|x86.Build.0 = Release|Any CPU
	EndGlobalSection
	GlobalSection(SolutionProperties) = preSolution
		HideSolutionNode = FALSE
	EndGlobalSection
EndGlobal
